
Microsoft Visual Studio Solution File, Format Version 12.00
# Visual Studio Version 16
VisualStudioVersion = 16.0.33214.272
MinimumVisualStudioVersion = 10.0.40219.1
Project("{FAE04EC0-301F-11D3-BF4B-00C04F79EFBC}") = "Consultorio", "Consultorio\Consultorio.csproj", "{A2EA644E-4372-4F2E-A9B3-116188B02A36}"
EndProject
Global
	GlobalSection(SolutionConfigurationPlatforms) = preSolution
		Debug|Any CPU = Debug|Any CPU
		Release|Any CPU = Release|Any CPU
	EndGlobalSection
	GlobalSection(ProjectConfigurationPlatforms) = postSolution
		{A2EA644E-4372-4F2E-A9B3-116188B02A36}.Debug|Any CPU.ActiveCfg = Debug|Any CPU
		{A2EA644E-4372-4F2E-A9B3-116188B02A36}.Debug|Any CPU.Build.0 = Debug|Any CPU
		{A2EA644E-4372-4F2E-A9B3-116188B02A36}.Release|Any CPU.ActiveCfg = Release|Any CPU
		{A2EA644E-4372-4F2E-A9B3-116188B02A36}.Release|Any CPU.Build.0 = Release|Any CPU
	EndGlobalSection
	GlobalSection(SolutionProperties) = preSolution
		HideSolutionNode = FALSE
	EndGlobalSection
	GlobalSection(ExtensibilityGlobals) = postSolution
		SolutionGuid = {B7A5D248-5F27-4AFC-A41E-60517652AB0E}
	EndGlobalSection
EndGlobal
